
Microsoft Visual Studio Solution File, Format Version 12.00
# Visual Studio Version 16
VisualStudioVersion = 16.0.30907.101
MinimumVisualStudioVersion = 10.0.40219.1
Project("{2150E333-8FDC-42A3-9474-1A3956D46DE8}") = "Library", "Library", "{3D7A76E0-ADD8-4F3C-8BE6-DF54FCB0CBCA}"
EndProject
Project("{9A19103F-16F7-4668-BE54-9A1E7A4F7556}") = "TankLib", "OWLib\TankLib\TankLib.csproj", "{6C37D977-591C-48DE-B25B-04C0847413D1}"
EndProject
Project("{9A19103F-16F7-4668-BE54-9A1E7A4F7556}") = "TACTLib", "OWLib\TACTLib\TACTLib\TACTLib.csproj", "{CC681FAC-B05D-483F-9FA1-D8DEC4871B99}"
EndProject
Global
	GlobalSection(SolutionConfigurationPlatforms) = preSolution
		Debug|Any CPU = Debug|Any CPU
		Release|Any CPU = Release|Any CPU
	EndGlobalSection
	GlobalSection(ProjectConfigurationPlatforms) = postSolution
		{6C37D977-591C-48DE-B25B-04C0847413D1}.Debug|Any CPU.ActiveCfg = Debug|Any CPU
		{6C37D977-591C-48DE-B25B-04C0847413D1}.Debug|Any CPU.Build.0 = Debug|Any CPU
		{6C37D977-591C-48DE-B25B-04C0847413D1}.Release|Any CPU.ActiveCfg = Release|Any CPU
		{6C37D977-591C-48DE-B25B-04C0847413D1}.Release|Any CPU.Build.0 = Release|Any CPU
		{CC681FAC-B05D-483F-9FA1-D8DEC4871B99}.Debug|Any CPU.ActiveCfg = Debug|Any CPU
		{CC681FAC-B05D-483F-9FA1-D8DEC4871B99}.Debug|Any CPU.Build.0 = Debug|Any CPU
		{CC681FAC-B05D-483F-9FA1-D8DEC4871B99}.Release|Any CPU.ActiveCfg = Release|Any CPU
		{CC681FAC-B05D-483F-9FA1-D8DEC4871B99}.Release|Any CPU.Build.0 = Release|Any CPU
	EndGlobalSection
	GlobalSection(SolutionProperties) = preSolution
		HideSolutionNode = FALSE
	EndGlobalSection
	GlobalSection(NestedProjects) = preSolution
		{6C37D977-591C-48DE-B25B-04C0847413D1} = {3D7A76E0-ADD8-4F3C-8BE6-DF54FCB0CBCA}
		{CC681FAC-B05D-483F-9FA1-D8DEC4871B99} = {3D7A76E0-ADD8-4F3C-8BE6-DF54FCB0CBCA}
	EndGlobalSection
	GlobalSection(ExtensibilityGlobals) = postSolution
		SolutionGuid = {225E86D0-10B9-4E96-8ED4-B8C90CB70682}
	EndGlobalSection
	GlobalSection(MonoDevelopProperties) = preSolution
		Policies = $0
		$0.DotNetNamingPolicy = $1
		$1.DirectoryNamespaceAssociation = None
		$1.ResourceNamePolicy = FileFormatDefault
	EndGlobalSection
EndGlobal
